
Microsoft Visual Studio Solution File, Format Version 12.00
# Visual Studio Version 16
VisualStudioVersion = 16.0.30011.22
MinimumVisualStudioVersion = 10.0.40219.1
Project("{FAE04EC0-301F-11D3-BF4B-00C04F79EFBC}") = "OcarinaPlayer", "OcarinaPlayer.csproj", "{A956A1D2-CED5-40D9-B848-45A47A4B8E73}"
EndProject
Project("{2150E333-8FDC-42A3-9474-1A3956D46DE8}") = "assets", "assets", "{968D61AF-37B4-4C8F-9188-FD014DE851E1}"
EndProject
Project("{2150E333-8FDC-42A3-9474-1A3956D46DE8}") = "img", "img", "{E36C6ABC-39EA-4C72-9116-2C0F3B8BCE1E}"
	ProjectSection(SolutionItems) = preProject
		assets\img\noalbum.png = assets\img\noalbum.png
	EndProjectSection
EndProject
Global
	GlobalSection(SolutionConfigurationPlatforms) = preSolution
		Debug|Any CPU = Debug|Any CPU
		Release|Any CPU = Release|Any CPU
	EndGlobalSection
	GlobalSection(ProjectConfigurationPlatforms) = postSolution
		{A956A1D2-CED5-40D9-B848-45A47A4B8E73}.Debug|Any CPU.ActiveCfg = Debug|Any CPU
		{A956A1D2-CED5-40D9-B848-45A47A4B8E73}.Debug|Any CPU.Build.0 = Debug|Any CPU
		{A956A1D2-CED5-40D9-B848-45A47A4B8E73}.Release|Any CPU.ActiveCfg = Release|Any CPU
		{A956A1D2-CED5-40D9-B848-45A47A4B8E73}.Release|Any CPU.Build.0 = Release|Any CPU
	EndGlobalSection
	GlobalSection(SolutionProperties) = preSolution
		HideSolutionNode = FALSE
	EndGlobalSection
	GlobalSection(NestedProjects) = preSolution
		{E36C6ABC-39EA-4C72-9116-2C0F3B8BCE1E} = {968D61AF-37B4-4C8F-9188-FD014DE851E1}
	EndGlobalSection
	GlobalSection(ExtensibilityGlobals) = postSolution
		SolutionGuid = {D1B407BE-5BAA-4DDF-A619-897EE9CB3662}
	EndGlobalSection
EndGlobal
