
Microsoft Visual Studio Solution File, Format Version 12.00
# Visual Studio Version 16
VisualStudioVersion = 16.0.30611.23
MinimumVisualStudioVersion = 10.0.40219.1
Project("{FAE04EC0-301F-11D3-BF4B-00C04F79EFBC}") = "Ocarina", "Ocarina.csproj", "{4685C3C5-DDAA-4A61-A84C-9973A44F528F}"
EndProject
Global
	GlobalSection(SolutionConfigurationPlatforms) = preSolution
		Debug|Any CPU = Debug|Any CPU
		Release|Any CPU = Release|Any CPU
	EndGlobalSection
	GlobalSection(ProjectConfigurationPlatforms) = postSolution
		{4685C3C5-DDAA-4A61-A84C-9973A44F528F}.Debug|Any CPU.ActiveCfg = Debug|Any CPU
		{4685C3C5-DDAA-4A61-A84C-9973A44F528F}.Debug|Any CPU.Build.0 = Debug|Any CPU
		{4685C3C5-DDAA-4A61-A84C-9973A44F528F}.Release|Any CPU.ActiveCfg = Release|Any CPU
		{4685C3C5-DDAA-4A61-A84C-9973A44F528F}.Release|Any CPU.Build.0 = Release|Any CPU
	EndGlobalSection
	GlobalSection(SolutionProperties) = preSolution
		HideSolutionNode = FALSE
	EndGlobalSection
	GlobalSection(ExtensibilityGlobals) = postSolution
		SolutionGuid = {7E3895DE-17A8-41D3-9A41-58A9D7B6427A}
	EndGlobalSection
EndGlobal
